
Microsoft Visual Studio Solution File, Format Version 12.00
# Visual Studio Version 17
VisualStudioVersion = 17.5.002.0
MinimumVisualStudioVersion = 10.0.40219.1
Project("{9A19103F-16F7-4668-BE54-9A1E7A4F7556}") = "TrilhaApiDesafio", "TrilhaApiDesafio.csproj", "{82668625-909D-4804-A7ED-B0FD5685FCCD}"
EndProject
Global
	GlobalSection(SolutionConfigurationPlatforms) = preSolution
		Debug|Any CPU = Debug|Any CPU
		Release|Any CPU = Release|Any CPU
	EndGlobalSection
	GlobalSection(ProjectConfigurationPlatforms) = postSolution
		{82668625-909D-4804-A7ED-B0FD5685FCCD}.Debug|Any CPU.ActiveCfg = Debug|Any CPU
		{82668625-909D-4804-A7ED-B0FD5685FCCD}.Debug|Any CPU.Build.0 = Debug|Any CPU
		{82668625-909D-4804-A7ED-B0FD5685FCCD}.Release|Any CPU.ActiveCfg = Release|Any CPU
		{82668625-909D-4804-A7ED-B0FD5685FCCD}.Release|Any CPU.Build.0 = Release|Any CPU
	EndGlobalSection
	GlobalSection(SolutionProperties) = preSolution
		HideSolutionNode = FALSE
	EndGlobalSection
	GlobalSection(ExtensibilityGlobals) = postSolution
		SolutionGuid = {CE92D0B5-EA43-42E7-959C-F6ACF2541382}
	EndGlobalSection
EndGlobal
